
Microsoft Visual Studio Solution File, Format Version 12.00
# Visual Studio Version 18
VisualStudioVersion = 18.4.11626.88 stable
MinimumVisualStudioVersion = 10.0.40219.1
Project("{FAE04EC0-301F-11D3-BF4B-00C04F79EFBC}") = "xgReflectGen", "xgReflectGen.csproj", "{5243A1F6-1FAB-3BDE-A14A-3155101FDD03}"
EndProject
Global
	GlobalSection(SolutionConfigurationPlatforms) = preSolution
		Debug|Any CPU = Debug|Any CPU
		Release|Any CPU = Release|Any CPU
	EndGlobalSection
	GlobalSection(ProjectConfigurationPlatforms) = postSolution
		{5243A1F6-1FAB-3BDE-A14A-3155101FDD03}.Debug|Any CPU.ActiveCfg = Debug|Any CPU
		{5243A1F6-1FAB-3BDE-A14A-3155101FDD03}.Debug|Any CPU.Build.0 = Debug|Any CPU
		{5243A1F6-1FAB-3BDE-A14A-3155101FDD03}.Release|Any CPU.ActiveCfg = Release|Any CPU
		{5243A1F6-1FAB-3BDE-A14A-3155101FDD03}.Release|Any CPU.Build.0 = Release|Any CPU
	EndGlobalSection
	GlobalSection(SolutionProperties) = preSolution
		HideSolutionNode = FALSE
	EndGlobalSection
	GlobalSection(ExtensibilityGlobals) = postSolution
		SolutionGuid = {92A02EC6-3C3A-4DC3-B092-8CAC04B45259}
	EndGlobalSection
EndGlobal
