<?xml version="1.0" encoding="utf-8"?>
<Project ToolsVersion="4.0" xmlns="http://schemas.microsoft.com/developer/msbuild/2003">
  <ItemGroup>
    <Filter Include="Resource Files">
      <UniqueIdentifier>{67DA6AB6-F800-4c08-8B7A-83BB121AAD01}</UniqueIdentifier>
      <Extensions>rc;ico;cur;bmp;dlg;rc2;rct;bin;rgs;gif;jpg;jpeg;jpe;resx;tiff;tif;png;wav;mfcribbon-ms</Extensions>
    </Filter>
    <Filter Include="public">
      <UniqueIdentifier>{1114d187-b8c1-4ade-8055-ab0ae3bf7747}</UniqueIdentifier>
    </Filter>
    <Filter Include="private">
      <UniqueIdentifier>{67485fe1-bfe3-41f9-aa06-227107e33ff1}</UniqueIdentifier>
    </Filter>
    <Filter Include="private\headers">
      <UniqueIdentifier>{93995380-89BD-4b04-88EB-625FBE52EBFB}</UniqueIdentifier>
      <Extensions>h;hh;hpp;hxx;h++;hm;inl;inc;ipp;xsd</Extensions>
    </Filter>
    <Filter Include="private\source">
      <UniqueIdentifier>{4FC737F1-C7A5-4376-A066-2A32D752A2FF}</UniqueIdentifier>
      <Extensions>cpp;c;cc;cxx;c++;cppm;ixx;def;odl;idl;hpj;bat;asm;asmx</Extensions>
    </Filter>
  </ItemGroup>
  <ItemGroup>
    <ClInclude Include="framework.h">
      <Filter>private\headers</Filter>
    </ClInclude>
    <ClInclude Include="pch.h">
      <Filter>private\headers</Filter>
    </ClInclude>
    <ClInclude Include="public\xgScriptModuleCoreCLR.h">
      <Filter>public</Filter>
    </ClInclude>
    <ClInclude Include="ScriptHostCoreCLR.h">
      <Filter>private\headers</Filter>
    </ClInclude>
  </ItemGroup>
  <ItemGroup>
    <ClCompile Include="pch.cpp">
      <Filter>private\source</Filter>
    </ClCompile>
    <ClCompile Include="xgScriptModuleCoreCLR.cpp">
      <Filter>private\source</Filter>
    </ClCompile>
    <ClCompile Include="ScriptCoreCLR.cpp">
      <Filter>private\source</Filter>
    </ClCompile>
    <ClCompile Include="ScriptHostCoreCLR.cpp">
      <Filter>private\source</Filter>
    </ClCompile>
  </ItemGroup>
</Project>