<?xml version="1.0" encoding="utf-8"?>
<Project ToolsVersion="4.0" xmlns="http://schemas.microsoft.com/developer/msbuild/2003">
  <ItemGroup>
    <Filter Include="Resource Files">
      <UniqueIdentifier>{67DA6AB6-F800-4c08-8B7A-83BB121AAD01}</UniqueIdentifier>
      <Extensions>rc;ico;cur;bmp;dlg;rc2;rct;bin;rgs;gif;jpg;jpeg;jpe;resx;tiff;tif;png;wav;mfcribbon-ms</Extensions>
    </Filter>
    <Filter Include="private">
      <UniqueIdentifier>{81e31838-a0fd-4831-87b8-db5d9f4d0abb}</UniqueIdentifier>
    </Filter>
    <Filter Include="private\headers">
      <UniqueIdentifier>{93995380-89BD-4b04-88EB-625FBE52EBFB}</UniqueIdentifier>
      <Extensions>h;hh;hpp;hxx;h++;hm;inl;inc;ipp;xsd</Extensions>
    </Filter>
    <Filter Include="private\source">
      <UniqueIdentifier>{4FC737F1-C7A5-4376-A066-2A32D752A2FF}</UniqueIdentifier>
      <Extensions>cpp;c;cc;cxx;c++;cppm;ixx;def;odl;idl;hpj;bat;asm;asmx</Extensions>
    </Filter>
    <Filter Include="public">
      <UniqueIdentifier>{c2de1175-0299-4733-830e-5118945e3dde}</UniqueIdentifier>
    </Filter>
  </ItemGroup>
  <ItemGroup>
    <ClInclude Include="framework.h">
      <Filter>private\headers</Filter>
    </ClInclude>
    <ClInclude Include="pch.h">
      <Filter>private\headers</Filter>
    </ClInclude>
    <ClInclude Include="public\xgModules.h">
      <Filter>public</Filter>
    </ClInclude>
    <ClInclude Include="public\xgRenderer.h">
      <Filter>public</Filter>
    </ClInclude>
    <ClInclude Include="public\xgEngine.h">
      <Filter>public</Filter>
    </ClInclude>
    <ClInclude Include="public\xgScriptModule.h">
      <Filter>public</Filter>
    </ClInclude>
    <ClInclude Include="public\xgScriptHost.h">
      <Filter>public</Filter>
    </ClInclude>
    <ClInclude Include="public\xgJson.h">
      <Filter>public</Filter>
    </ClInclude>
    <ClInclude Include="public\xgReflection.h">
      <Filter>public</Filter>
    </ClInclude>
    <ClInclude Include="public\xgJsonBackend.h">
      <Filter>public</Filter>
    </ClInclude>
    <ClInclude Include="public\xgReflectionSerialization.h">
      <Filter>public</Filter>
    </ClInclude>
    <ClInclude Include="public\xgScriptEngine.h">
      <Filter>public</Filter>
    </ClInclude>
  </ItemGroup>
  <ItemGroup>
    <ClCompile Include="pch.cpp">
      <Filter>private\source</Filter>
    </ClCompile>
    <ClCompile Include="xgModules.cpp">
      <Filter>private\source</Filter>
    </ClCompile>
    <ClCompile Include="xgRendererAPI.cpp">
      <Filter>private\source</Filter>
    </ClCompile>
    <ClCompile Include="xgEngine.cpp">
      <Filter>private\source</Filter>
    </ClCompile>
    <ClCompile Include="xgScriptAPI.cpp">
      <Filter>private\source</Filter>
    </ClCompile>
    <ClCompile Include="xgJson.cpp">
      <Filter>private\source</Filter>
    </ClCompile>
    <ClCompile Include="xgJsonBackend.cpp">
      <Filter>private\source</Filter>
    </ClCompile>
  </ItemGroup>
</Project>